// !$*UTF8*$!
{
	archiveVersion = 1;
	classes = {
	};
	objectVersion = 51;
	objects = {

/* Begin PBXBuildFile section */
		259F056343C558601C3F995B /* Pods_weixinSwift.framework in Frameworks */ = {isa = PBXBuildFile; fileRef = 683A4D443EA14FD58F00CB89 /* Pods_weixinSwift.framework */; };
		2F0CCD8B2439A3400058B7F9 /* MKLayout.swift in Sources */ = {isa = PBXBuildFile; fileRef = 2F0CCD8A2439A3400058B7F9 /* MKLayout.swift */; };
		2F0CCDA12445F5670058B7F9 /* MKCollectionViewCell.swift in Sources */ = {isa = PBXBuildFile; fileRef = 2F0CCDA02445F5670058B7F9 /* MKCollectionViewCell.swift */; };
		2F0CCDA32445F7A30058B7F9 /* MKCollectionReusableView.swift in Sources */ = {isa = PBXBuildFile; fileRef = 2F0CCDA22445F7A30058B7F9 /* MKCollectionReusableView.swift */; };
		2F681F78248CEEA6002FA688 /* DragViewController.swift in Sources */ = {isa = PBXBuildFile; fileRef = 2F681F77248CEEA6002FA688 /* DragViewController.swift */; };
		2F681F7A248CF021002FA688 /* ScaleViewController.swift in Sources */ = {isa = PBXBuildFile; fileRef = 2F681F79248CF021002FA688 /* ScaleViewController.swift */; };
		2F681F7C248CFEC7002FA688 /* ThreeDimensionsViewController.swift in Sources */ = {isa = PBXBuildFile; fileRef = 2F681F7B248CFEC7002FA688 /* ThreeDimensionsViewController.swift */; };
		2F681F7E248D1B3F002FA688 /* CharViewController.swift in Sources */ = {isa = PBXBuildFile; fileRef = 2F681F7D248D1B3F002FA688 /* CharViewController.swift */; };
		2F7F8095242CDFE6005F7789 /* AppDelegate.swift in Sources */ = {isa = PBXBuildFile; fileRef = 2F7F8094242CDFE6005F7789 /* AppDelegate.swift */; };
		2F7F8097242CDFE6005F7789 /* SceneDelegate.swift in Sources */ = {isa = PBXBuildFile; fileRef = 2F7F8096242CDFE6005F7789 /* SceneDelegate.swift */; };
		2F7F8099242CDFE6005F7789 /* ViewController.swift in Sources */ = {isa = PBXBuildFile; fileRef = 2F7F8098242CDFE6005F7789 /* ViewController.swift */; };
		2F7F809C242CDFE6005F7789 /* Main.storyboard in Resources */ = {isa = PBXBuildFile; fileRef = 2F7F809A242CDFE6005F7789 /* Main.storyboard */; };
		2F7F809E242CDFE6005F7789 /* Assets.xcassets in Resources */ = {isa = PBXBuildFile; fileRef = 2F7F809D242CDFE6005F7789 /* Assets.xcassets */; };
		2F7F80A1242CDFE6005F7789 /* LaunchScreen.storyboard in Resources */ = {isa = PBXBuildFile; fileRef = 2F7F809F242CDFE6005F7789 /* LaunchScreen.storyboard */; };
		2F7F80AA242CE8A6005F7789 /* MainTabBarController.swift in Sources */ = {isa = PBXBuildFile; fileRef = 2F7F80A9242CE8A6005F7789 /* MainTabBarController.swift */; };
		2F7F80B3242CE971005F7789 /* MineViewController.swift in Sources */ = {isa = PBXBuildFile; fileRef = 2F7F80B2242CE971005F7789 /* MineViewController.swift */; };
		2F7F80B5242CE97D005F7789 /* DiscoverViewController.swift in Sources */ = {isa = PBXBuildFile; fileRef = 2F7F80B4242CE97D005F7789 /* DiscoverViewController.swift */; };
		2F7F80B7242CE989005F7789 /* ConnBookViewController.swift in Sources */ = {isa = PBXBuildFile; fileRef = 2F7F80B6242CE989005F7789 /* ConnBookViewController.swift */; };
		2F7F80B9242CE996005F7789 /* HomeViewController.swift in Sources */ = {isa = PBXBuildFile; fileRef = 2F7F80B8242CE996005F7789 /* HomeViewController.swift */; };
		2F7F80BC242E5997005F7789 /* WXTableViewCell.swift in Sources */ = {isa = PBXBuildFile; fileRef = 2F7F80BB242E5997005F7789 /* WXTableViewCell.swift */; };
		2F7F80C0242F73C2005F7789 /* WXNavigationController.swift in Sources */ = {isa = PBXBuildFile; fileRef = 2F7F80BF242F73C2005F7789 /* WXNavigationController.swift */; };
		2F7F80C524337262005F7789 /* ContentViewController.swift in Sources */ = {isa = PBXBuildFile; fileRef = 2F7F80C424337262005F7789 /* ContentViewController.swift */; };
		2FD17BDF2434DF5100A8F55B /* UCollectionViewSectionBackgroundLayoutDelegateLayout.swift in Sources */ = {isa = PBXBuildFile; fileRef = 2FD17BDE2434DF5100A8F55B /* UCollectionViewSectionBackgroundLayoutDelegateLayout.swift */; };
		2FD326EA244DD4210072A256 /* XMSessionManager.swift in Sources */ = {isa = PBXBuildFile; fileRef = 2FD326E9244DD4210072A256 /* XMSessionManager.swift */; };
/* End PBXBuildFile section */

/* Begin PBXFileReference section */
		0141E08E5901767ED965431D /* Pods-weixinSwift.debug.xcconfig */ = {isa = PBXFileReference; includeInIndex = 1; lastKnownFileType = text.xcconfig; name = "Pods-weixinSwift.debug.xcconfig"; path = "Target Support Files/Pods-weixinSwift/Pods-weixinSwift.debug.xcconfig"; sourceTree = "<group>"; };
		2416D4E9C286EBF62ACFF48A /* Pods-weixinSwift.release.xcconfig */ = {isa = PBXFileReference; includeInIndex = 1; lastKnownFileType = text.xcconfig; name = "Pods-weixinSwift.release.xcconfig"; path = "Target Support Files/Pods-weixinSwift/Pods-weixinSwift.release.xcconfig"; sourceTree = "<group>"; };
		2F0CCD8A2439A3400058B7F9 /* MKLayout.swift */ = {isa = PBXFileReference; lastKnownFileType = sourcecode.swift; path = MKLayout.swift; sourceTree = "<group>"; };
		2F0CCDA02445F5670058B7F9 /* MKCollectionViewCell.swift */ = {isa = PBXFileReference; lastKnownFileType = sourcecode.swift; path = MKCollectionViewCell.swift; sourceTree = "<group>"; };
		2F0CCDA22445F7A30058B7F9 /* MKCollectionReusableView.swift */ = {isa = PBXFileReference; lastKnownFileType = sourcecode.swift; path = MKCollectionReusableView.swift; sourceTree = "<group>"; };
		2F681F77248CEEA6002FA688 /* DragViewController.swift */ = {isa = PBXFileReference; lastKnownFileType = sourcecode.swift; path = DragViewController.swift; sourceTree = "<group>"; };
		2F681F79248CF021002FA688 /* ScaleViewController.swift */ = {isa = PBXFileReference; lastKnownFileType = sourcecode.swift; path = ScaleViewController.swift; sourceTree = "<group>"; };
		2F681F7B248CFEC7002FA688 /* ThreeDimensionsViewController.swift */ = {isa = PBXFileReference; lastKnownFileType = sourcecode.swift; path = ThreeDimensionsViewController.swift; sourceTree = "<group>"; };
		2F681F7D248D1B3F002FA688 /* CharViewController.swift */ = {isa = PBXFileReference; lastKnownFileType = sourcecode.swift; path = CharViewController.swift; sourceTree = "<group>"; };
		2F7F8091242CDFE6005F7789 /* weixinSwift.app */ = {isa = PBXFileReference; explicitFileType = wrapper.application; includeInIndex = 0; path = weixinSwift.app; sourceTree = BUILT_PRODUCTS_DIR; };
		2F7F8094242CDFE6005F7789 /* AppDelegate.swift */ = {isa = PBXFileReference; lastKnownFileType = sourcecode.swift; path = AppDelegate.swift; sourceTree = "<group>"; };
		2F7F8096242CDFE6005F7789 /* SceneDelegate.swift */ = {isa = PBXFileReference; lastKnownFileType = sourcecode.swift; path = SceneDelegate.swift; sourceTree = "<group>"; };
		2F7F8098242CDFE6005F7789 /* ViewController.swift */ = {isa = PBXFileReference; lastKnownFileType = sourcecode.swift; path = ViewController.swift; sourceTree = "<group>"; };
		2F7F809B242CDFE6005F7789 /* Base */ = {isa = PBXFileReference; lastKnownFileType = file.storyboard; name = Base; path = Base.lproj/Main.storyboard; sourceTree = "<group>"; };
		2F7F809D242CDFE6005F7789 /* Assets.xcassets */ = {isa = PBXFileReference; lastKnownFileType = folder.assetcatalog; path = Assets.xcassets; sourceTree = "<group>"; };
		2F7F80A0242CDFE6005F7789 /* Base */ = {isa = PBXFileReference; lastKnownFileType = file.storyboard; name = Base; path = Base.lproj/LaunchScreen.storyboard; sourceTree = "<group>"; };
		2F7F80A2242CDFE6005F7789 /* Info.plist */ = {isa = PBXFileReference; lastKnownFileType = text.plist.xml; path = Info.plist; sourceTree = "<group>"; };
		2F7F80A9242CE8A6005F7789 /* MainTabBarController.swift */ = {isa = PBXFileReference; lastKnownFileType = sourcecode.swift; path = MainTabBarController.swift; sourceTree = "<group>"; };
		2F7F80B2242CE971005F7789 /* MineViewController.swift */ = {isa = PBXFileReference; lastKnownFileType = sourcecode.swift; path = MineViewController.swift; sourceTree = "<group>"; };
		2F7F80B4242CE97D005F7789 /* DiscoverViewController.swift */ = {isa = PBXFileReference; lastKnownFileType = sourcecode.swift; path = DiscoverViewController.swift; sourceTree = "<group>"; };
		2F7F80B6242CE989005F7789 /* ConnBookViewController.swift */ = {isa = PBXFileReference; lastKnownFileType = sourcecode.swift; path = ConnBookViewController.swift; sourceTree = "<group>"; };
		2F7F80B8242CE996005F7789 /* HomeViewController.swift */ = {isa = PBXFileReference; lastKnownFileType = sourcecode.swift; path = HomeViewController.swift; sourceTree = "<group>"; };
		2F7F80BB242E5997005F7789 /* WXTableViewCell.swift */ = {isa = PBXFileReference; lastKnownFileType = sourcecode.swift; path = WXTableViewCell.swift; sourceTree = "<group>"; };
		2F7F80BF242F73C2005F7789 /* WXNavigationController.swift */ = {isa = PBXFileReference; lastKnownFileType = sourcecode.swift; path = WXNavigationController.swift; sourceTree = "<group>"; };
		2F7F80C424337262005F7789 /* ContentViewController.swift */ = {isa = PBXFileReference; lastKnownFileType = sourcecode.swift; path = ContentViewController.swift; sourceTree = "<group>"; };
		2FD17BDE2434DF5100A8F55B /* UCollectionViewSectionBackgroundLayoutDelegateLayout.swift */ = {isa = PBXFileReference; lastKnownFileType = sourcecode.swift; path = UCollectionViewSectionBackgroundLayoutDelegateLayout.swift; sourceTree = "<group>"; };
		2FD326E9244DD4210072A256 /* XMSessionManager.swift */ = {isa = PBXFileReference; lastKnownFileType = sourcecode.swift; path = XMSessionManager.swift; sourceTree = "<group>"; };
		683A4D443EA14FD58F00CB89 /* Pods_weixinSwift.framework */ = {isa = PBXFileReference; explicitFileType = wrapper.framework; includeInIndex = 0; path = Pods_weixinSwift.framework; sourceTree = BUILT_PRODUCTS_DIR; };
/* End PBXFileReference section */

/* Begin PBXFrameworksBuildPhase section */
		2F7F808E242CDFE6005F7789 /* Frameworks */ = {
			isa = PBXFrameworksBuildPhase;
			buildActionMask = 2147483647;
			files = (
				259F056343C558601C3F995B /* Pods_weixinSwift.framework in Frameworks */,
			);
			runOnlyForDeploymentPostprocessing = 0;
		};
/* End PBXFrameworksBuildPhase section */

/* Begin PBXGroup section */
		08B6067CEBC803E1B8E3D119 /* Frameworks */ = {
			isa = PBXGroup;
			children = (
				683A4D443EA14FD58F00CB89 /* Pods_weixinSwift.framework */,
			);
			name = Frameworks;
			sourceTree = "<group>";
		};
		2F0CCD892438BFD40058B7F9 /* extension */ = {
			isa = PBXGroup;
			children = (
			);
			path = extension;
			sourceTree = "<group>";
		};
		2F0CCD9F2445F53B0058B7F9 /* view */ = {
			isa = PBXGroup;
			children = (
				2F0CCDA02445F5670058B7F9 /* MKCollectionViewCell.swift */,
				2F0CCDA22445F7A30058B7F9 /* MKCollectionReusableView.swift */,
			);
			path = view;
			sourceTree = "<group>";
		};
		2F681F76248CEE73002FA688 /* components */ = {
			isa = PBXGroup;
			children = (
				2F681F77248CEEA6002FA688 /* DragViewController.swift */,
				2F681F79248CF021002FA688 /* ScaleViewController.swift */,
				2F681F7B248CFEC7002FA688 /* ThreeDimensionsViewController.swift */,
				2F681F7D248D1B3F002FA688 /* CharViewController.swift */,
			);
			path = components;
			sourceTree = "<group>";
		};
		2F7F8088242CDFE5005F7789 = {
			isa = PBXGroup;
			children = (
				2F7F8093242CDFE6005F7789 /* weixinSwift */,
				2F7F8092242CDFE6005F7789 /* Products */,
				DFD6704CE36DA5C6D7413AF4 /* Pods */,
				08B6067CEBC803E1B8E3D119 /* Frameworks */,
			);
			sourceTree = "<group>";
		};
		2F7F8092242CDFE6005F7789 /* Products */ = {
			isa = PBXGroup;
			children = (
				2F7F8091242CDFE6005F7789 /* weixinSwift.app */,
			);
			name = Products;
			sourceTree = "<group>";
		};
		2F7F8093242CDFE6005F7789 /* weixinSwift */ = {
			isa = PBXGroup;
			children = (
				2FD326E8244DD4080072A256 /* Base */,
				2F0CCD892438BFD40058B7F9 /* extension */,
				2FD17BDC2434DEC600A8F55B /* component */,
				2F7F80BD242F7392005F7789 /* common */,
				2F7F80AD242CE93A005F7789 /* Mine */,
				2F7F80AC242CE933005F7789 /* Discover */,
				2F7F80AB242CE926005F7789 /* ConnBook */,
				2F7F80A8242CE866005F7789 /* Home */,
				2F7F8094242CDFE6005F7789 /* AppDelegate.swift */,
				2F7F8096242CDFE6005F7789 /* SceneDelegate.swift */,
				2F7F8098242CDFE6005F7789 /* ViewController.swift */,
				2F7F809A242CDFE6005F7789 /* Main.storyboard */,
				2F7F809D242CDFE6005F7789 /* Assets.xcassets */,
				2F7F809F242CDFE6005F7789 /* LaunchScreen.storyboard */,
				2F7F80A2242CDFE6005F7789 /* Info.plist */,
				2F7F80A9242CE8A6005F7789 /* MainTabBarController.swift */,
			);
			path = weixinSwift;
			sourceTree = "<group>";
		};
		2F7F80A8242CE866005F7789 /* Home */ = {
			isa = PBXGroup;
			children = (
				2F0CCD9F2445F53B0058B7F9 /* view */,
				2F7F80AE242CE942005F7789 /* controller */,
			);
			path = Home;
			sourceTree = "<group>";
		};
		2F7F80AB242CE926005F7789 /* ConnBook */ = {
			isa = PBXGroup;
			children = (
				2F681F76248CEE73002FA688 /* components */,
				2F7F80AF242CE949005F7789 /* contreoller */,
			);
			path = ConnBook;
			sourceTree = "<group>";
		};
		2F7F80AC242CE933005F7789 /* Discover */ = {
			isa = PBXGroup;
			children = (
				2F7F80B0242CE94F005F7789 /* controller */,
			);
			path = Discover;
			sourceTree = "<group>";
		};
		2F7F80AD242CE93A005F7789 /* Mine */ = {
			isa = PBXGroup;
			children = (
				2F7F80BA242E5976005F7789 /* views */,
				2F7F80B1242CE955005F7789 /* controller */,
			);
			path = Mine;
			sourceTree = "<group>";
		};
		2F7F80AE242CE942005F7789 /* controller */ = {
			isa = PBXGroup;
			children = (
				2F7F80B8242CE996005F7789 /* HomeViewController.swift */,
				2F0CCD8A2439A3400058B7F9 /* MKLayout.swift */,
			);
			path = controller;
			sourceTree = "<group>";
		};
		2F7F80AF242CE949005F7789 /* contreoller */ = {
			isa = PBXGroup;
			children = (
				2F7F80C424337262005F7789 /* ContentViewController.swift */,
				2F7F80B6242CE989005F7789 /* ConnBookViewController.swift */,
			);
			path = contreoller;
			sourceTree = "<group>";
		};
		2F7F80B0242CE94F005F7789 /* controller */ = {
			isa = PBXGroup;
			children = (
				2F7F80B4242CE97D005F7789 /* DiscoverViewController.swift */,
			);
			path = controller;
			sourceTree = "<group>";
		};
		2F7F80B1242CE955005F7789 /* controller */ = {
			isa = PBXGroup;
			children = (
				2F7F80B2242CE971005F7789 /* MineViewController.swift */,
			);
			path = controller;
			sourceTree = "<group>";
		};
		2F7F80BA242E5976005F7789 /* views */ = {
			isa = PBXGroup;
			children = (
				2F7F80BB242E5997005F7789 /* WXTableViewCell.swift */,
			);
			path = views;
			sourceTree = "<group>";
		};
		2F7F80BD242F7392005F7789 /* common */ = {
			isa = PBXGroup;
			children = (
				2F7F80BE242F739B005F7789 /* controller */,
			);
			path = common;
			sourceTree = "<group>";
		};
		2F7F80BE242F739B005F7789 /* controller */ = {
			isa = PBXGroup;
			children = (
				2F7F80BF242F73C2005F7789 /* WXNavigationController.swift */,
			);
			path = controller;
			sourceTree = "<group>";
		};
		2FD17BDC2434DEC600A8F55B /* component */ = {
			isa = PBXGroup;
			children = (
				2FD17BDD2434DED200A8F55B /* CollectionViewLayout */,
			);
			path = component;
			sourceTree = "<group>";
		};
		2FD17BDD2434DED200A8F55B /* CollectionViewLayout */ = {
			isa = PBXGroup;
			children = (
				2FD17BDE2434DF5100A8F55B /* UCollectionViewSectionBackgroundLayoutDelegateLayout.swift */,
			);
			path = CollectionViewLayout;
			sourceTree = "<group>";
		};
		2FD326E8244DD4080072A256 /* Base */ = {
			isa = PBXGroup;
			children = (
				2FD326E9244DD4210072A256 /* XMSessionManager.swift */,
			);
			path = Base;
			sourceTree = "<group>";
		};
		DFD6704CE36DA5C6D7413AF4 /* Pods */ = {
			isa = PBXGroup;
			children = (
				0141E08E5901767ED965431D /* Pods-weixinSwift.debug.xcconfig */,
				2416D4E9C286EBF62ACFF48A /* Pods-weixinSwift.release.xcconfig */,
			);
			path = Pods;
			sourceTree = "<group>";
		};
/* End PBXGroup section */

/* Begin PBXNativeTarget section */
		2F7F8090242CDFE6005F7789 /* weixinSwift */ = {
			isa = PBXNativeTarget;
			buildConfigurationList = 2F7F80A5242CDFE6005F7789 /* Build configuration list for PBXNativeTarget "weixinSwift" */;
			buildPhases = (
				9D9B850378D82D2BFD9A4A45 /* [CP] Check Pods Manifest.lock */,
				2F7F808D242CDFE6005F7789 /* Sources */,
				2F7F808E242CDFE6005F7789 /* Frameworks */,
				2F7F808F242CDFE6005F7789 /* Resources */,
				724E8D09B5E230536BBD3A38 /* [CP] Embed Pods Frameworks */,
			);
			buildRules = (
			);
			dependencies = (
			);
			name = weixinSwift;
			productName = weixinSwift;
			productReference = 2F7F8091242CDFE6005F7789 /* weixinSwift.app */;
			productType = "com.apple.product-type.application";
		};
/* End PBXNativeTarget section */

/* Begin PBXProject section */
		2F7F8089242CDFE5005F7789 /* Project object */ = {
			isa = PBXProject;
			attributes = {
				LastSwiftUpdateCheck = 1140;
				LastUpgradeCheck = 1140;
				ORGANIZATIONNAME = "张杰";
				TargetAttributes = {
					2F7F8090242CDFE6005F7789 = {
						CreatedOnToolsVersion = 11.4;
					};
				};
			};
			buildConfigurationList = 2F7F808C242CDFE5005F7789 /* Build configuration list for PBXProject "weixinSwift" */;
			compatibilityVersion = "Xcode 9.3";
			developmentRegion = en;
			hasScannedForEncodings = 0;
			knownRegions = (
				en,
				Base,
			);
			mainGroup = 2F7F8088242CDFE5005F7789;
			productRefGroup = 2F7F8092242CDFE6005F7789 /* Products */;
			projectDirPath = "";
			projectRoot = "";
			targets = (
				2F7F8090242CDFE6005F7789 /* weixinSwift */,
			);
		};
/* End PBXProject section */

/* Begin PBXResourcesBuildPhase section */
		2F7F808F242CDFE6005F7789 /* Resources */ = {
			isa = PBXResourcesBuildPhase;
			buildActionMask = 2147483647;
			files = (
				2F7F80A1242CDFE6005F7789 /* LaunchScreen.storyboard in Resources */,
				2F7F809E242CDFE6005F7789 /* Assets.xcassets in Resources */,
				2F7F809C242CDFE6005F7789 /* Main.storyboard in Resources */,
			);
			runOnlyForDeploymentPostprocessing = 0;
		};
/* End PBXResourcesBuildPhase section */

/* Begin PBXShellScriptBuildPhase section */
		724E8D09B5E230536BBD3A38 /* [CP] Embed Pods Frameworks */ = {
			isa = PBXShellScriptBuildPhase;
			buildActionMask = 2147483647;
			files = (
			);
			inputFileListPaths = (
				"${PODS_ROOT}/Target Support Files/Pods-weixinSwift/Pods-weixinSwift-frameworks-${CONFIGURATION}-input-files.xcfilelist",
			);
			name = "[CP] Embed Pods Frameworks";
			outputFileListPaths = (
				"${PODS_ROOT}/Target Support Files/Pods-weixinSwift/Pods-weixinSwift-frameworks-${CONFIGURATION}-output-files.xcfilelist",
			);
			runOnlyForDeploymentPostprocessing = 0;
			shellPath = /bin/sh;
			shellScript = "\"${PODS_ROOT}/Target Support Files/Pods-weixinSwift/Pods-weixinSwift-frameworks.sh\"\n";
			showEnvVarsInLog = 0;
		};
		9D9B850378D82D2BFD9A4A45 /* [CP] Check Pods Manifest.lock */ = {
			isa = PBXShellScriptBuildPhase;
			buildActionMask = 2147483647;
			files = (
			);
			inputFileListPaths = (
			);
			inputPaths = (
				"${PODS_PODFILE_DIR_PATH}/Podfile.lock",
				"${PODS_ROOT}/Manifest.lock",
			);
			name = "[CP] Check Pods Manifest.lock";
			outputFileListPaths = (
			);
			outputPaths = (
				"$(DERIVED_FILE_DIR)/Pods-weixinSwift-checkManifestLockResult.txt",
			);
			runOnlyForDeploymentPostprocessing = 0;
			shellPath = /bin/sh;
			shellScript = "diff \"${PODS_PODFILE_DIR_PATH}/Podfile.lock\" \"${PODS_ROOT}/Manifest.lock\" > /dev/null\nif [ $? != 0 ] ; then\n    # print error to STDERR\n    echo \"error: The sandbox is not in sync with the Podfile.lock. Run 'pod install' or update your CocoaPods installation.\" >&2\n    exit 1\nfi\n# This output is used by Xcode 'outputs' to avoid re-running this script phase.\necho \"SUCCESS\" > \"${SCRIPT_OUTPUT_FILE_0}\"\n";
			showEnvVarsInLog = 0;
		};
/* End PBXShellScriptBuildPhase section */

/* Begin PBXSourcesBuildPhase section */
		2F7F808D242CDFE6005F7789 /* Sources */ = {
			isa = PBXSourcesBuildPhase;
			buildActionMask = 2147483647;
			files = (
				2F7F8099242CDFE6005F7789 /* ViewController.swift in Sources */,
				2FD17BDF2434DF5100A8F55B /* UCollectionViewSectionBackgroundLayoutDelegateLayout.swift in Sources */,
				2F7F8095242CDFE6005F7789 /* AppDelegate.swift in Sources */,
				2F7F80C0242F73C2005F7789 /* WXNavigationController.swift in Sources */,
				2F681F7E248D1B3F002FA688 /* CharViewController.swift in Sources */,
				2F7F80AA242CE8A6005F7789 /* MainTabBarController.swift in Sources */,
				2F7F80B9242CE996005F7789 /* HomeViewController.swift in Sources */,
				2F0CCD8B2439A3400058B7F9 /* MKLayout.swift in Sources */,
				2F7F80B5242CE97D005F7789 /* DiscoverViewController.swift in Sources */,
				2F7F80B7242CE989005F7789 /* ConnBookViewController.swift in Sources */,
				2F681F7A248CF021002FA688 /* ScaleViewController.swift in Sources */,
				2F7F80BC242E5997005F7789 /* WXTableViewCell.swift in Sources */,
				2F7F80C524337262005F7789 /* ContentViewController.swift in Sources */,
				2FD326EA244DD4210072A256 /* XMSessionManager.swift in Sources */,
				2F0CCDA32445F7A30058B7F9 /* MKCollectionReusableView.swift in Sources */,
				2F7F8097242CDFE6005F7789 /* SceneDelegate.swift in Sources */,
				2F0CCDA12445F5670058B7F9 /* MKCollectionViewCell.swift in Sources */,
				2F681F7C248CFEC7002FA688 /* ThreeDimensionsViewController.swift in Sources */,
				2F7F80B3242CE971005F7789 /* MineViewController.swift in Sources */,
				2F681F78248CEEA6002FA688 /* DragViewController.swift in Sources */,
			);
			runOnlyForDeploymentPostprocessing = 0;
		};
/* End PBXSourcesBuildPhase section */

/* Begin PBXVariantGroup section */
		2F7F809A242CDFE6005F7789 /* Main.storyboard */ = {
			isa = PBXVariantGroup;
			children = (
				2F7F809B242CDFE6005F7789 /* Base */,
			);
			name = Main.storyboard;
			sourceTree = "<group>";
		};
		2F7F809F242CDFE6005F7789 /* LaunchScreen.storyboard */ = {
			isa = PBXVariantGroup;
			children = (
				2F7F80A0242CDFE6005F7789 /* Base */,
			);
			name = LaunchScreen.storyboard;
			sourceTree = "<group>";
		};
/* End PBXVariantGroup section */

/* Begin XCBuildConfiguration section */
		2F7F80A3242CDFE6005F7789 /* Debug */ = {
			isa = XCBuildConfiguration;
			buildSettings = {
				ALWAYS_SEARCH_USER_PATHS = NO;
				CLANG_ANALYZER_NONNULL = YES;
				CLANG_ANALYZER_NUMBER_OBJECT_CONVERSION = YES_AGGRESSIVE;
				CLANG_CXX_LANGUAGE_STANDARD = "gnu++14";
				CLANG_CXX_LIBRARY = "libc++";
				CLANG_ENABLE_MODULES = YES;
				CLANG_ENABLE_OBJC_ARC = YES;
				CLANG_ENABLE_OBJC_WEAK = YES;
				CLANG_WARN_BLOCK_CAPTURE_AUTORELEASING = YES;
				CLANG_WARN_BOOL_CONVERSION = YES;
				CLANG_WARN_COMMA = YES;
				CLANG_WARN_CONSTANT_CONVERSION = YES;
				CLANG_WARN_DEPRECATED_OBJC_IMPLEMENTATIONS = YES;
				CLANG_WARN_DIRECT_OBJC_ISA_USAGE = YES_ERROR;
				CLANG_WARN_DOCUMENTATION_COMMENTS = YES;
				CLANG_WARN_EMPTY_BODY = YES;
				CLANG_WARN_ENUM_CONVERSION = YES;
				CLANG_WARN_INFINITE_RECURSION = YES;
				CLANG_WARN_INT_CONVERSION = YES;
				CLANG_WARN_NON_LITERAL_NULL_CONVERSION = YES;
				CLANG_WARN_OBJC_IMPLICIT_RETAIN_SELF = YES;
				CLANG_WARN_OBJC_LITERAL_CONVERSION = YES;
				CLANG_WARN_OBJC_ROOT_CLASS = YES_ERROR;
				CLANG_WARN_RANGE_LOOP_ANALYSIS = YES;
				CLANG_WARN_STRICT_PROTOTYPES = YES;
				CLANG_WARN_SUSPICIOUS_MOVE = YES;
				CLANG_WARN_UNGUARDED_AVAILABILITY = YES_AGGRESSIVE;
				CLANG_WARN_UNREACHABLE_CODE = YES;
				CLANG_WARN__DUPLICATE_METHOD_MATCH = YES;
				COPY_PHASE_STRIP = NO;
				DEBUG_INFORMATION_FORMAT = dwarf;
				ENABLE_STRICT_OBJC_MSGSEND = YES;
				ENABLE_TESTABILITY = YES;
				GCC_C_LANGUAGE_STANDARD = gnu11;
				GCC_DYNAMIC_NO_PIC = NO;
				GCC_NO_COMMON_BLOCKS = YES;
				GCC_OPTIMIZATION_LEVEL = 0;
				GCC_PREPROCESSOR_DEFINITIONS = (
					"DEBUG=1",
					"$(inherited)",
				);
				GCC_WARN_64_TO_32_BIT_CONVERSION = YES;
				GCC_WARN_ABOUT_RETURN_TYPE = YES_ERROR;
				GCC_WARN_UNDECLARED_SELECTOR = YES;
				GCC_WARN_UNINITIALIZED_AUTOS = YES_AGGRESSIVE;
				GCC_WARN_UNUSED_FUNCTION = YES;
				GCC_WARN_UNUSED_VARIABLE = YES;
				IPHONEOS_DEPLOYMENT_TARGET = 13.4;
				MTL_ENABLE_DEBUG_INFO = INCLUDE_SOURCE;
				MTL_FAST_MATH = YES;
				ONLY_ACTIVE_ARCH = YES;
				SDKROOT = iphoneos;
				SWIFT_ACTIVE_COMPILATION_CONDITIONS = DEBUG;
				SWIFT_OPTIMIZATION_LEVEL = "-Onone";
			};
			name = Debug;
		};
		2F7F80A4242CDFE6005F7789 /* Release */ = {
			isa = XCBuildConfiguration;
			buildSettings = {
				ALWAYS_SEARCH_USER_PATHS = NO;
				CLANG_ANALYZER_NONNULL = YES;
				CLANG_ANALYZER_NUMBER_OBJECT_CONVERSION = YES_AGGRESSIVE;
				CLANG_CXX_LANGUAGE_STANDARD = "gnu++14";
				CLANG_CXX_LIBRARY = "libc++";
				CLANG_ENABLE_MODULES = YES;
				CLANG_ENABLE_OBJC_ARC = YES;
				CLANG_ENABLE_OBJC_WEAK = YES;
				CLANG_WARN_BLOCK_CAPTURE_AUTORELEASING = YES;
				CLANG_WARN_BOOL_CONVERSION = YES;
				CLANG_WARN_COMMA = YES;
				CLANG_WARN_CONSTANT_CONVERSION = YES;
				CLANG_WARN_DEPRECATED_OBJC_IMPLEMENTATIONS = YES;
				CLANG_WARN_DIRECT_OBJC_ISA_USAGE = YES_ERROR;
				CLANG_WARN_DOCUMENTATION_COMMENTS = YES;
				CLANG_WARN_EMPTY_BODY = YES;
				CLANG_WARN_ENUM_CONVERSION = YES;
				CLANG_WARN_INFINITE_RECURSION = YES;
				CLANG_WARN_INT_CONVERSION = YES;
				CLANG_WARN_NON_LITERAL_NULL_CONVERSION = YES;
				CLANG_WARN_OBJC_IMPLICIT_RETAIN_SELF = YES;
				CLANG_WARN_OBJC_LITERAL_CONVERSION = YES;
				CLANG_WARN_OBJC_ROOT_CLASS = YES_ERROR;
				CLANG_WARN_RANGE_LOOP_ANALYSIS = YES;
				CLANG_WARN_STRICT_PROTOTYPES = YES;
				CLANG_WARN_SUSPICIOUS_MOVE = YES;
				CLANG_WARN_UNGUARDED_AVAILABILITY = YES_AGGRESSIVE;
				CLANG_WARN_UNREACHABLE_CODE = YES;
				CLANG_WARN__DUPLICATE_METHOD_MATCH = YES;
				COPY_PHASE_STRIP = NO;
				DEBUG_INFORMATION_FORMAT = "dwarf-with-dsym";
				ENABLE_NS_ASSERTIONS = NO;
				ENABLE_STRICT_OBJC_MSGSEND = YES;
				GCC_C_LANGUAGE_STANDARD = gnu11;
				GCC_NO_COMMON_BLOCKS = YES;
				GCC_WARN_64_TO_32_BIT_CONVERSION = YES;
				GCC_WARN_ABOUT_RETURN_TYPE = YES_ERROR;
				GCC_WARN_UNDECLARED_SELECTOR = YES;
				GCC_WARN_UNINITIALIZED_AUTOS = YES_AGGRESSIVE;
				GCC_WARN_UNUSED_FUNCTION = YES;
				GCC_WARN_UNUSED_VARIABLE = YES;
				IPHONEOS_DEPLOYMENT_TARGET = 13.4;
				MTL_ENABLE_DEBUG_INFO = NO;
				MTL_FAST_MATH = YES;
				SDKROOT = iphoneos;
				SWIFT_COMPILATION_MODE = wholemodule;
				SWIFT_OPTIMIZATION_LEVEL = "-O";
				VALIDATE_PRODUCT = YES;
			};
			name = Release;
		};
		2F7F80A6242CDFE6005F7789 /* Debug */ = {
			isa = XCBuildConfiguration;
			baseConfigurationReference = 0141E08E5901767ED965431D /* Pods-weixinSwift.debug.xcconfig */;
			buildSettings = {
				ASSETCATALOG_COMPILER_APPICON_NAME = AppIcon;
				CODE_SIGN_STYLE = Automatic;
				DEVELOPMENT_TEAM = YP4NL2MAYR;
				INFOPLIST_FILE = weixinSwift/Info.plist;
				IPHONEOS_DEPLOYMENT_TARGET = 13.4;
				LD_RUNPATH_SEARCH_PATHS = (
					"$(inherited)",
					"@executable_path/Frameworks",
				);
				PRODUCT_BUNDLE_IDENTIFIER = beyourself1994.weixinSwift;
				PRODUCT_NAME = "$(TARGET_NAME)";
				SWIFT_VERSION = 5.0;
				TARGETED_DEVICE_FAMILY = "1,2";
			};
			name = Debug;
		};
		2F7F80A7242CDFE6005F7789 /* Release */ = {
			isa = XCBuildConfiguration;
			baseConfigurationReference = 2416D4E9C286EBF62ACFF48A /* Pods-weixinSwift.release.xcconfig */;
			buildSettings = {
				ASSETCATALOG_COMPILER_APPICON_NAME = AppIcon;
				CODE_SIGN_STYLE = Automatic;
				DEVELOPMENT_TEAM = YP4NL2MAYR;
				INFOPLIST_FILE = weixinSwift/Info.plist;
				IPHONEOS_DEPLOYMENT_TARGET = 13.4;
				LD_RUNPATH_SEARCH_PATHS = (
					"$(inherited)",
					"@executable_path/Frameworks",
				);
				PRODUCT_BUNDLE_IDENTIFIER = beyourself1994.weixinSwift;
				PRODUCT_NAME = "$(TARGET_NAME)";
				SWIFT_VERSION = 5.0;
				TARGETED_DEVICE_FAMILY = "1,2";
			};
			name = Release;
		};
/* End XCBuildConfiguration section */

/* Begin XCConfigurationList section */
		2F7F808C242CDFE5005F7789 /* Build configuration list for PBXProject "weixinSwift" */ = {
			isa = XCConfigurationList;
			buildConfigurations = (
				2F7F80A3242CDFE6005F7789 /* Debug */,
				2F7F80A4242CDFE6005F7789 /* Release */,
			);
			defaultConfigurationIsVisible = 0;
			defaultConfigurationName = Release;
		};
		2F7F80A5242CDFE6005F7789 /* Build configuration list for PBXNativeTarget "weixinSwift" */ = {
			isa = XCConfigurationList;
			buildConfigurations = (
				2F7F80A6242CDFE6005F7789 /* Debug */,
				2F7F80A7242CDFE6005F7789 /* Release */,
			);
			defaultConfigurationIsVisible = 0;
			defaultConfigurationName = Release;
		};
/* End XCConfigurationList section */
	};
	rootObject = 2F7F8089242CDFE5005F7789 /* Project object */;
}
